
Microsoft Visual Studio Solution File, Format Version 12.00
# Visual Studio Version 17
VisualStudioVersion = 17.9.34714.143
MinimumVisualStudioVersion = 10.0.40219.1
Project("{FAE04EC0-301F-11D3-BF4B-00C04F79EFBC}") = "NeuroAlgoLib", "NeuroAlgoLib\NeuroAlgoLib.csproj", "{03034600-8CAD-4D43-9294-05824EF4F394}"
EndProject
Project("{9A19103F-16F7-4668-BE54-9A1E7A4F7556}") = "NeuroAlgoLib.Tests", "NeuroAlgoLib.Tests\NeuroAlgoLib.Tests.csproj", "{145412A5-E6DB-4B9C-A223-8127EE4A6FD4}"
EndProject
Global
	GlobalSection(SolutionConfigurationPlatforms) = preSolution
		Debug|Any CPU = Debug|Any CPU
		Release|Any CPU = Release|Any CPU
	EndGlobalSection
	GlobalSection(ProjectConfigurationPlatforms) = postSolution
		{03034600-8CAD-4D43-9294-05824EF4F394}.Debug|Any CPU.ActiveCfg = Debug|Any CPU
		{03034600-8CAD-4D43-9294-05824EF4F394}.Debug|Any CPU.Build.0 = Debug|Any CPU
		{03034600-8CAD-4D43-9294-05824EF4F394}.Release|Any CPU.ActiveCfg = Release|Any CPU
		{03034600-8CAD-4D43-9294-05824EF4F394}.Release|Any CPU.Build.0 = Release|Any CPU
		{145412A5-E6DB-4B9C-A223-8127EE4A6FD4}.Debug|Any CPU.ActiveCfg = Debug|Any CPU
		{145412A5-E6DB-4B9C-A223-8127EE4A6FD4}.Debug|Any CPU.Build.0 = Debug|Any CPU
		{145412A5-E6DB-4B9C-A223-8127EE4A6FD4}.Release|Any CPU.ActiveCfg = Release|Any CPU
		{145412A5-E6DB-4B9C-A223-8127EE4A6FD4}.Release|Any CPU.Build.0 = Release|Any CPU
	EndGlobalSection
	GlobalSection(SolutionProperties) = preSolution
		HideSolutionNode = FALSE
	EndGlobalSection
	GlobalSection(ExtensibilityGlobals) = postSolution
		SolutionGuid = {012E5256-D747-4BA8-93B6-9950055E3AFA}
	EndGlobalSection
EndGlobal
